
Microsoft Visual Studio Solution File, Format Version 12.00
# Visual Studio Version 17
VisualStudioVersion = 17.3.32929.385
MinimumVisualStudioVersion = 10.0.40219.1
Project("{9A19103F-16F7-4668-BE54-9A1E7A4F7556}") = "rache_der_reti", "rache_der_reti\rache_der_reti.csproj", "{30D955FD-F54F-4453-8429-239776E5B5BB}"
EndProject
Global
	GlobalSection(SolutionConfigurationPlatforms) = preSolution
		Debug|Any CPU = Debug|Any CPU
		Debug|ARM64 = Debug|ARM64
		Release|Any CPU = Release|Any CPU
		Release|ARM64 = Release|ARM64
	EndGlobalSection
	GlobalSection(ProjectConfigurationPlatforms) = postSolution
		{30D955FD-F54F-4453-8429-239776E5B5BB}.Debug|Any CPU.ActiveCfg = Debug|Any CPU
		{30D955FD-F54F-4453-8429-239776E5B5BB}.Debug|Any CPU.Build.0 = Debug|Any CPU
		{30D955FD-F54F-4453-8429-239776E5B5BB}.Debug|ARM64.ActiveCfg = Debug|ARM64
		{30D955FD-F54F-4453-8429-239776E5B5BB}.Debug|ARM64.Build.0 = Debug|ARM64
		{30D955FD-F54F-4453-8429-239776E5B5BB}.Release|Any CPU.ActiveCfg = Release|Any CPU
		{30D955FD-F54F-4453-8429-239776E5B5BB}.Release|Any CPU.Build.0 = Release|Any CPU
		{30D955FD-F54F-4453-8429-239776E5B5BB}.Release|ARM64.ActiveCfg = Release|ARM64
		{30D955FD-F54F-4453-8429-239776E5B5BB}.Release|ARM64.Build.0 = Release|ARM64
	EndGlobalSection
	GlobalSection(SolutionProperties) = preSolution
		HideSolutionNode = FALSE
	EndGlobalSection
	GlobalSection(ExtensibilityGlobals) = postSolution
		SolutionGuid = {633BB1AA-A035-49CD-8EF4-C77DE0CDE488}
	EndGlobalSection
EndGlobal
